// !$*UTF8*$!
{
	archiveVersion = 1;
	classes = {
	};
	objectVersion = 50;
	objects = {

/* Begin PBXBuildFile section */
		3DD2C63628CA31CE0041A403 /* AppDelegate.swift in Sources */ = {isa = PBXBuildFile; fileRef = 3DD2C63528CA31CE0041A403 /* AppDelegate.swift */; };
		3DD2C63828CA31CE0041A403 /* ViewController.swift in Sources */ = {isa = PBXBuildFile; fileRef = 3DD2C63728CA31CE0041A403 /* ViewController.swift */; };
		3DD2C63B28CA31CE0041A403 /* Main.storyboard in Resources */ = {isa = PBXBuildFile; fileRef = 3DD2C63928CA31CE0041A403 /* Main.storyboard */; };
		3DD2C63D28CA31D00041A403 /* Assets.xcassets in Resources */ = {isa = PBXBuildFile; fileRef = 3DD2C63C28CA31D00041A403 /* Assets.xcassets */; };
		3DD2C64028CA31D10041A403 /* LaunchScreen.storyboard in Resources */ = {isa = PBXBuildFile; fileRef = 3DD2C63E28CA31D10041A403 /* LaunchScreen.storyboard */; };
		3DD2C64B28CA31D10041A403 /* Proyecto_KittySeasonsTests.swift in Sources */ = {isa = PBXBuildFile; fileRef = 3DD2C64A28CA31D10041A403 /* Proyecto_KittySeasonsTests.swift */; };
		3DD2C65628CA31D10041A403 /* Proyecto_KittySeasonsUITests.swift in Sources */ = {isa = PBXBuildFile; fileRef = 3DD2C65528CA31D10041A403 /* Proyecto_KittySeasonsUITests.swift */; };
/* End PBXBuildFile section */

/* Begin PBXContainerItemProxy section */
		3DD2C64728CA31D10041A403 /* PBXContainerItemProxy */ = {
			isa = PBXContainerItemProxy;
			containerPortal = 3DD2C62A28CA31CE0041A403 /* Project object */;
			proxyType = 1;
			remoteGlobalIDString = 3DD2C63128CA31CE0041A403;
			remoteInfo = Proyecto_KittySeasons;
		};
		3DD2C65228CA31D10041A403 /* PBXContainerItemProxy */ = {
			isa = PBXContainerItemProxy;
			containerPortal = 3DD2C62A28CA31CE0041A403 /* Project object */;
			proxyType = 1;
			remoteGlobalIDString = 3DD2C63128CA31CE0041A403;
			remoteInfo = Proyecto_KittySeasons;
		};
/* End PBXContainerItemProxy section */

/* Begin PBXFileReference section */
		3DD2C63228CA31CE0041A403 /* Proyecto_KittySeasons.app */ = {isa = PBXFileReference; explicitFileType = wrapper.application; includeInIndex = 0; path = Proyecto_KittySeasons.app; sourceTree = BUILT_PRODUCTS_DIR; };
		3DD2C63528CA31CE0041A403 /* AppDelegate.swift */ = {isa = PBXFileReference; lastKnownFileType = sourcecode.swift; path = AppDelegate.swift; sourceTree = "<group>"; };
		3DD2C63728CA31CE0041A403 /* ViewController.swift */ = {isa = PBXFileReference; lastKnownFileType = sourcecode.swift; path = ViewController.swift; sourceTree = "<group>"; };
		3DD2C63A28CA31CE0041A403 /* Base */ = {isa = PBXFileReference; lastKnownFileType = file.storyboard; name = Base; path = Base.lproj/Main.storyboard; sourceTree = "<group>"; };
		3DD2C63C28CA31D00041A403 /* Assets.xcassets */ = {isa = PBXFileReference; lastKnownFileType = folder.assetcatalog; path = Assets.xcassets; sourceTree = "<group>"; };
		3DD2C63F28CA31D10041A403 /* Base */ = {isa = PBXFileReference; lastKnownFileType = file.storyboard; name = Base; path = Base.lproj/LaunchScreen.storyboard; sourceTree = "<group>"; };
		3DD2C64128CA31D10041A403 /* Info.plist */ = {isa = PBXFileReference; lastKnownFileType = text.plist.xml; path = Info.plist; sourceTree = "<group>"; };
		3DD2C64628CA31D10041A403 /* Proyecto_KittySeasonsTests.xctest */ = {isa = PBXFileReference; explicitFileType = wrapper.cfbundle; includeInIndex = 0; path = Proyecto_KittySeasonsTests.xctest; sourceTree = BUILT_PRODUCTS_DIR; };
		3DD2C64A28CA31D10041A403 /* Proyecto_KittySeasonsTests.swift */ = {isa = PBXFileReference; lastKnownFileType = sourcecode.swift; path = Proyecto_KittySeasonsTests.swift; sourceTree = "<group>"; };
		3DD2C64C28CA31D10041A403 /* Info.plist */ = {isa = PBXFileReference; lastKnownFileType = text.plist.xml; path = Info.plist; sourceTree = "<group>"; };
		3DD2C65128CA31D10041A403 /* Proyecto_KittySeasonsUITests.xctest */ = {isa = PBXFileReference; explicitFileType = wrapper.cfbundle; includeInIndex = 0; path = Proyecto_KittySeasonsUITests.xctest; sourceTree = BUILT_PRODUCTS_DIR; };
		3DD2C65528CA31D10041A403 /* Proyecto_KittySeasonsUITests.swift */ = {isa = PBXFileReference; lastKnownFileType = sourcecode.swift; path = Proyecto_KittySeasonsUITests.swift; sourceTree = "<group>"; };
		3DD2C65728CA31D10041A403 /* Info.plist */ = {isa = PBXFileReference; lastKnownFileType = text.plist.xml; path = Info.plist; sourceTree = "<group>"; };
/* End PBXFileReference section */

/* Begin PBXFrameworksBuildPhase section */
		3DD2C62F28CA31CE0041A403 /* Frameworks */ = {
			isa = PBXFrameworksBuildPhase;
			buildActionMask = 2147483647;
			files = (
			);
			runOnlyForDeploymentPostprocessing = 0;
		};
		3DD2C64328CA31D10041A403 /* Frameworks */ = {
			isa = PBXFrameworksBuildPhase;
			buildActionMask = 2147483647;
			files = (
			);
			runOnlyForDeploymentPostprocessing = 0;
		};
		3DD2C64E28CA31D10041A403 /* Frameworks */ = {
			isa = PBXFrameworksBuildPhase;
			buildActionMask = 2147483647;
			files = (
			);
			runOnlyForDeploymentPostprocessing = 0;
		};
/* End PBXFrameworksBuildPhase section */

/* Begin PBXGroup section */
		3DD2C62928CA31CE0041A403 = {
			isa = PBXGroup;
			children = (
				3DD2C63428CA31CE0041A403 /* Proyecto_KittySeasons */,
				3DD2C64928CA31D10041A403 /* Proyecto_KittySeasonsTests */,
				3DD2C65428CA31D10041A403 /* Proyecto_KittySeasonsUITests */,
				3DD2C63328CA31CE0041A403 /* Products */,
			);
			sourceTree = "<group>";
		};
		3DD2C63328CA31CE0041A403 /* Products */ = {
			isa = PBXGroup;
			children = (
				3DD2C63228CA31CE0041A403 /* Proyecto_KittySeasons.app */,
				3DD2C64628CA31D10041A403 /* Proyecto_KittySeasonsTests.xctest */,
				3DD2C65128CA31D10041A403 /* Proyecto_KittySeasonsUITests.xctest */,
			);
			name = Products;
			sourceTree = "<group>";
		};
		3DD2C63428CA31CE0041A403 /* Proyecto_KittySeasons */ = {
			isa = PBXGroup;
			children = (
				3DD2C63528CA31CE0041A403 /* AppDelegate.swift */,
				3DD2C63728CA31CE0041A403 /* ViewController.swift */,
				3DD2C63928CA31CE0041A403 /* Main.storyboard */,
				3DD2C63C28CA31D00041A403 /* Assets.xcassets */,
				3DD2C63E28CA31D10041A403 /* LaunchScreen.storyboard */,
				3DD2C64128CA31D10041A403 /* Info.plist */,
			);
			path = Proyecto_KittySeasons;
			sourceTree = "<group>";
		};
		3DD2C64928CA31D10041A403 /* Proyecto_KittySeasonsTests */ = {
			isa = PBXGroup;
			children = (
				3DD2C64A28CA31D10041A403 /* Proyecto_KittySeasonsTests.swift */,
				3DD2C64C28CA31D10041A403 /* Info.plist */,
			);
			path = Proyecto_KittySeasonsTests;
			sourceTree = "<group>";
		};
		3DD2C65428CA31D10041A403 /* Proyecto_KittySeasonsUITests */ = {
			isa = PBXGroup;
			children = (
				3DD2C65528CA31D10041A403 /* Proyecto_KittySeasonsUITests.swift */,
				3DD2C65728CA31D10041A403 /* Info.plist */,
			);
			path = Proyecto_KittySeasonsUITests;
			sourceTree = "<group>";
		};
/* End PBXGroup section */

/* Begin PBXNativeTarget section */
		3DD2C63128CA31CE0041A403 /* Proyecto_KittySeasons */ = {
			isa = PBXNativeTarget;
			buildConfigurationList = 3DD2C65A28CA31D10041A403 /* Build configuration list for PBXNativeTarget "Proyecto_KittySeasons" */;
			buildPhases = (
				3DD2C62E28CA31CE0041A403 /* Sources */,
				3DD2C62F28CA31CE0041A403 /* Frameworks */,
				3DD2C63028CA31CE0041A403 /* Resources */,
			);
			buildRules = (
			);
			dependencies = (
			);
			name = Proyecto_KittySeasons;
			productName = Proyecto_KittySeasons;
			productReference = 3DD2C63228CA31CE0041A403 /* Proyecto_KittySeasons.app */;
			productType = "com.apple.product-type.application";
		};
		3DD2C64528CA31D10041A403 /* Proyecto_KittySeasonsTests */ = {
			isa = PBXNativeTarget;
			buildConfigurationList = 3DD2C65D28CA31D10041A403 /* Build configuration list for PBXNativeTarget "Proyecto_KittySeasonsTests" */;
			buildPhases = (
				3DD2C64228CA31D10041A403 /* Sources */,
				3DD2C64328CA31D10041A403 /* Frameworks */,
				3DD2C64428CA31D10041A403 /* Resources */,
			);
			buildRules = (
			);
			dependencies = (
				3DD2C64828CA31D10041A403 /* PBXTargetDependency */,
			);
			name = Proyecto_KittySeasonsTests;
			productName = Proyecto_KittySeasonsTests;
			productReference = 3DD2C64628CA31D10041A403 /* Proyecto_KittySeasonsTests.xctest */;
			productType = "com.apple.product-type.bundle.unit-test";
		};
		3DD2C65028CA31D10041A403 /* Proyecto_KittySeasonsUITests */ = {
			isa = PBXNativeTarget;
			buildConfigurationList = 3DD2C66028CA31D10041A403 /* Build configuration list for PBXNativeTarget "Proyecto_KittySeasonsUITests" */;
			buildPhases = (
				3DD2C64D28CA31D10041A403 /* Sources */,
				3DD2C64E28CA31D10041A403 /* Frameworks */,
				3DD2C64F28CA31D10041A403 /* Resources */,
			);
			buildRules = (
			);
			dependencies = (
				3DD2C65328CA31D10041A403 /* PBXTargetDependency */,
			);
			name = Proyecto_KittySeasonsUITests;
			productName = Proyecto_KittySeasonsUITests;
			productReference = 3DD2C65128CA31D10041A403 /* Proyecto_KittySeasonsUITests.xctest */;
			productType = "com.apple.product-type.bundle.ui-testing";
		};
/* End PBXNativeTarget section */

/* Begin PBXProject section */
		3DD2C62A28CA31CE0041A403 /* Project object */ = {
			isa = PBXProject;
			attributes = {
				LastSwiftUpdateCheck = 1030;
				LastUpgradeCheck = 1030;
				ORGANIZATIONNAME = Alumno;
				TargetAttributes = {
					3DD2C63128CA31CE0041A403 = {
						CreatedOnToolsVersion = 10.3;
					};
					3DD2C64528CA31D10041A403 = {
						CreatedOnToolsVersion = 10.3;
						TestTargetID = 3DD2C63128CA31CE0041A403;
					};
					3DD2C65028CA31D10041A403 = {
						CreatedOnToolsVersion = 10.3;
						TestTargetID = 3DD2C63128CA31CE0041A403;
					};
				};
			};
			buildConfigurationList = 3DD2C62D28CA31CE0041A403 /* Build configuration list for PBXProject "Proyecto_KittySeasons" */;
			compatibilityVersion = "Xcode 9.3";
			developmentRegion = en;
			hasScannedForEncodings = 0;
			knownRegions = (
				en,
				Base,
			);
			mainGroup = 3DD2C62928CA31CE0041A403;
			productRefGroup = 3DD2C63328CA31CE0041A403 /* Products */;
			projectDirPath = "";
			projectRoot = "";
			targets = (
				3DD2C63128CA31CE0041A403 /* Proyecto_KittySeasons */,
				3DD2C64528CA31D10041A403 /* Proyecto_KittySeasonsTests */,
				3DD2C65028CA31D10041A403 /* Proyecto_KittySeasonsUITests */,
			);
		};
/* End PBXProject section */

/* Begin PBXResourcesBuildPhase section */
		3DD2C63028CA31CE0041A403 /* Resources */ = {
			isa = PBXResourcesBuildPhase;
			buildActionMask = 2147483647;
			files = (
				3DD2C64028CA31D10041A403 /* LaunchScreen.storyboard in Resources */,
				3DD2C63D28CA31D00041A403 /* Assets.xcassets in Resources */,
				3DD2C63B28CA31CE0041A403 /* Main.storyboard in Resources */,
			);
			runOnlyForDeploymentPostprocessing = 0;
		};
		3DD2C64428CA31D10041A403 /* Resources */ = {
			isa = PBXResourcesBuildPhase;
			buildActionMask = 2147483647;
			files = (
			);
			runOnlyForDeploymentPostprocessing = 0;
		};
		3DD2C64F28CA31D10041A403 /* Resources */ = {
			isa = PBXResourcesBuildPhase;
			buildActionMask = 2147483647;
			files = (
			);
			runOnlyForDeploymentPostprocessing = 0;
		};
/* End PBXResourcesBuildPhase section */

/* Begin PBXSourcesBuildPhase section */
		3DD2C62E28CA31CE0041A403 /* Sources */ = {
			isa = PBXSourcesBuildPhase;
			buildActionMask = 2147483647;
			files = (
				3DD2C63828CA31CE0041A403 /* ViewController.swift in Sources */,
				3DD2C63628CA31CE0041A403 /* AppDelegate.swift in Sources */,
			);
			runOnlyForDeploymentPostprocessing = 0;
		};
		3DD2C64228CA31D10041A403 /* Sources */ = {
			isa = PBXSourcesBuildPhase;
			buildActionMask = 2147483647;
			files = (
				3DD2C64B28CA31D10041A403 /* Proyecto_KittySeasonsTests.swift in Sources */,
			);
			runOnlyForDeploymentPostprocessing = 0;
		};
		3DD2C64D28CA31D10041A403 /* Sources */ = {
			isa = PBXSourcesBuildPhase;
			buildActionMask = 2147483647;
			files = (
				3DD2C65628CA31D10041A403 /* Proyecto_KittySeasonsUITests.swift in Sources */,
			);
			runOnlyForDeploymentPostprocessing = 0;
		};
/* End PBXSourcesBuildPhase section */

/* Begin PBXTargetDependency section */
		3DD2C64828CA31D10041A403 /* PBXTargetDependency */ = {
			isa = PBXTargetDependency;
			target = 3DD2C63128CA31CE0041A403 /* Proyecto_KittySeasons */;
			targetProxy = 3DD2C64728CA31D10041A403 /* PBXContainerItemProxy */;
		};
		3DD2C65328CA31D10041A403 /* PBXTargetDependency */ = {
			isa = PBXTargetDependency;
			target = 3DD2C63128CA31CE0041A403 /* Proyecto_KittySeasons */;
			targetProxy = 3DD2C65228CA31D10041A403 /* PBXContainerItemProxy */;
		};
/* End PBXTargetDependency section */

/* Begin PBXVariantGroup section */
		3DD2C63928CA31CE0041A403 /* Main.storyboard */ = {
			isa = PBXVariantGroup;
			children = (
				3DD2C63A28CA31CE0041A403 /* Base */,
			);
			name = Main.storyboard;
			sourceTree = "<group>";
		};
		3DD2C63E28CA31D10041A403 /* LaunchScreen.storyboard */ = {
			isa = PBXVariantGroup;
			children = (
				3DD2C63F28CA31D10041A403 /* Base */,
			);
			name = LaunchScreen.storyboard;
			sourceTree = "<group>";
		};
/* End PBXVariantGroup section */

/* Begin XCBuildConfiguration section */
		3DD2C65828CA31D10041A403 /* Debug */ = {
			isa = XCBuildConfiguration;
			buildSettings = {
				ALWAYS_SEARCH_USER_PATHS = NO;
				CLANG_ANALYZER_NONNULL = YES;
				CLANG_ANALYZER_NUMBER_OBJECT_CONVERSION = YES_AGGRESSIVE;
				CLANG_CXX_LANGUAGE_STANDARD = "gnu++14";
				CLANG_CXX_LIBRARY = "libc++";
				CLANG_ENABLE_MODULES = YES;
				CLANG_ENABLE_OBJC_ARC = YES;
				CLANG_ENABLE_OBJC_WEAK = YES;
				CLANG_WARN_BLOCK_CAPTURE_AUTORELEASING = YES;
				CLANG_WARN_BOOL_CONVERSION = YES;
				CLANG_WARN_COMMA = YES;
				CLANG_WARN_CONSTANT_CONVERSION = YES;
				CLANG_WARN_DEPRECATED_OBJC_IMPLEMENTATIONS = YES;
				CLANG_WARN_DIRECT_OBJC_ISA_USAGE = YES_ERROR;
				CLANG_WARN_DOCUMENTATION_COMMENTS = YES;
				CLANG_WARN_EMPTY_BODY = YES;
				CLANG_WARN_ENUM_CONVERSION = YES;
				CLANG_WARN_INFINITE_RECURSION = YES;
				CLANG_WARN_INT_CONVERSION = YES;
				CLANG_WARN_NON_LITERAL_NULL_CONVERSION = YES;
				CLANG_WARN_OBJC_IMPLICIT_RETAIN_SELF = YES;
				CLANG_WARN_OBJC_LITERAL_CONVERSION = YES;
				CLANG_WARN_OBJC_ROOT_CLASS = YES_ERROR;
				CLANG_WARN_RANGE_LOOP_ANALYSIS = YES;
				CLANG_WARN_STRICT_PROTOTYPES = YES;
				CLANG_WARN_SUSPICIOUS_MOVE = YES;
				CLANG_WARN_UNGUARDED_AVAILABILITY = YES_AGGRESSIVE;
				CLANG_WARN_UNREACHABLE_CODE = YES;
				CLANG_WARN__DUPLICATE_METHOD_MATCH = YES;
				CODE_SIGN_IDENTITY = "iPhone Developer";
				COPY_PHASE_STRIP = NO;
				DEBUG_INFORMATION_FORMAT = dwarf;
				ENABLE_STRICT_OBJC_MSGSEND = YES;
				ENABLE_TESTABILITY = YES;
				GCC_C_LANGUAGE_STANDARD = gnu11;
				GCC_DYNAMIC_NO_PIC = NO;
				GCC_NO_COMMON_BLOCKS = YES;
				GCC_OPTIMIZATION_LEVEL = 0;
				GCC_PREPROCESSOR_DEFINITIONS = (
					"DEBUG=1",
					"$(inherited)",
				);
				GCC_WARN_64_TO_32_BIT_CONVERSION = YES;
				GCC_WARN_ABOUT_RETURN_TYPE = YES_ERROR;
				GCC_WARN_UNDECLARED_SELECTOR = YES;
				GCC_WARN_UNINITIALIZED_AUTOS = YES_AGGRESSIVE;
				GCC_WARN_UNUSED_FUNCTION = YES;
				GCC_WARN_UNUSED_VARIABLE = YES;
				IPHONEOS_DEPLOYMENT_TARGET = 12.4;
				MTL_ENABLE_DEBUG_INFO = INCLUDE_SOURCE;
				MTL_FAST_MATH = YES;
				ONLY_ACTIVE_ARCH = YES;
				SDKROOT = iphoneos;
				SWIFT_ACTIVE_COMPILATION_CONDITIONS = DEBUG;
				SWIFT_OPTIMIZATION_LEVEL = "-Onone";
			};
			name = Debug;
		};
		3DD2C65928CA31D10041A403 /* Release */ = {
			isa = XCBuildConfiguration;
			buildSettings = {
				ALWAYS_SEARCH_USER_PATHS = NO;
				CLANG_ANALYZER_NONNULL = YES;
				CLANG_ANALYZER_NUMBER_OBJECT_CONVERSION = YES_AGGRESSIVE;
				CLANG_CXX_LANGUAGE_STANDARD = "gnu++14";
				CLANG_CXX_LIBRARY = "libc++";
				CLANG_ENABLE_MODULES = YES;
				CLANG_ENABLE_OBJC_ARC = YES;
				CLANG_ENABLE_OBJC_WEAK = YES;
				CLANG_WARN_BLOCK_CAPTURE_AUTORELEASING = YES;
				CLANG_WARN_BOOL_CONVERSION = YES;
				CLANG_WARN_COMMA = YES;
				CLANG_WARN_CONSTANT_CONVERSION = YES;
				CLANG_WARN_DEPRECATED_OBJC_IMPLEMENTATIONS = YES;
				CLANG_WARN_DIRECT_OBJC_ISA_USAGE = YES_ERROR;
				CLANG_WARN_DOCUMENTATION_COMMENTS = YES;
				CLANG_WARN_EMPTY_BODY = YES;
				CLANG_WARN_ENUM_CONVERSION = YES;
				CLANG_WARN_INFINITE_RECURSION = YES;
				CLANG_WARN_INT_CONVERSION = YES;
				CLANG_WARN_NON_LITERAL_NULL_CONVERSION = YES;
				CLANG_WARN_OBJC_IMPLICIT_RETAIN_SELF = YES;
				CLANG_WARN_OBJC_LITERAL_CONVERSION = YES;
				CLANG_WARN_OBJC_ROOT_CLASS = YES_ERROR;
				CLANG_WARN_RANGE_LOOP_ANALYSIS = YES;
				CLANG_WARN_STRICT_PROTOTYPES = YES;
				CLANG_WARN_SUSPICIOUS_MOVE = YES;
				CLANG_WARN_UNGUARDED_AVAILABILITY = YES_AGGRESSIVE;
				CLANG_WARN_UNREACHABLE_CODE = YES;
				CLANG_WARN__DUPLICATE_METHOD_MATCH = YES;
				CODE_SIGN_IDENTITY = "iPhone Developer";
				COPY_PHASE_STRIP = NO;
				DEBUG_INFORMATION_FORMAT = "dwarf-with-dsym";
				ENABLE_NS_ASSERTIONS = NO;
				ENABLE_STRICT_OBJC_MSGSEND = YES;
				GCC_C_LANGUAGE_STANDARD = gnu11;
				GCC_NO_COMMON_BLOCKS = YES;
				GCC_WARN_64_TO_32_BIT_CONVERSION = YES;
				GCC_WARN_ABOUT_RETURN_TYPE = YES_ERROR;
				GCC_WARN_UNDECLARED_SELECTOR = YES;
				GCC_WARN_UNINITIALIZED_AUTOS = YES_AGGRESSIVE;
				GCC_WARN_UNUSED_FUNCTION = YES;
				GCC_WARN_UNUSED_VARIABLE = YES;
				IPHONEOS_DEPLOYMENT_TARGET = 12.4;
				MTL_ENABLE_DEBUG_INFO = NO;
				MTL_FAST_MATH = YES;
				SDKROOT = iphoneos;
				SWIFT_COMPILATION_MODE = wholemodule;
				SWIFT_OPTIMIZATION_LEVEL = "-O";
				VALIDATE_PRODUCT = YES;
			};
			name = Release;
		};
		3DD2C65B28CA31D10041A403 /* Debug */ = {
			isa = XCBuildConfiguration;
			buildSettings = {
				ASSETCATALOG_COMPILER_APPICON_NAME = AppIcon;
				CODE_SIGN_STYLE = Automatic;
				INFOPLIST_FILE = Proyecto_KittySeasons/Info.plist;
				LD_RUNPATH_SEARCH_PATHS = (
					"$(inherited)",
					"@executable_path/Frameworks",
				);
				PRODUCT_BUNDLE_IDENTIFIER = "edu.ulsa.Proyecto-KittySeasons";
				PRODUCT_NAME = "$(TARGET_NAME)";
				SWIFT_VERSION = 5.0;
				TARGETED_DEVICE_FAMILY = "1,2";
			};
			name = Debug;
		};
		3DD2C65C28CA31D10041A403 /* Release */ = {
			isa = XCBuildConfiguration;
			buildSettings = {
				ASSETCATALOG_COMPILER_APPICON_NAME = AppIcon;
				CODE_SIGN_STYLE = Automatic;
				INFOPLIST_FILE = Proyecto_KittySeasons/Info.plist;
				LD_RUNPATH_SEARCH_PATHS = (
					"$(inherited)",
					"@executable_path/Frameworks",
				);
				PRODUCT_BUNDLE_IDENTIFIER = "edu.ulsa.Proyecto-KittySeasons";
				PRODUCT_NAME = "$(TARGET_NAME)";
				SWIFT_VERSION = 5.0;
				TARGETED_DEVICE_FAMILY = "1,2";
			};
			name = Release;
		};
		3DD2C65E28CA31D10041A403 /* Debug */ = {
			isa = XCBuildConfiguration;
			buildSettings = {
				ALWAYS_EMBED_SWIFT_STANDARD_LIBRARIES = YES;
				BUNDLE_LOADER = "$(TEST_HOST)";
				CODE_SIGN_STYLE = Automatic;
				INFOPLIST_FILE = Proyecto_KittySeasonsTests/Info.plist;
				LD_RUNPATH_SEARCH_PATHS = (
					"$(inherited)",
					"@executable_path/Frameworks",
					"@loader_path/Frameworks",
				);
				PRODUCT_BUNDLE_IDENTIFIER = "edu.ulsa.Proyecto-KittySeasonsTests";
				PRODUCT_NAME = "$(TARGET_NAME)";
				SWIFT_VERSION = 5.0;
				TARGETED_DEVICE_FAMILY = "1,2";
				TEST_HOST = "$(BUILT_PRODUCTS_DIR)/Proyecto_KittySeasons.app/Proyecto_KittySeasons";
			};
			name = Debug;
		};
		3DD2C65F28CA31D10041A403 /* Release */ = {
			isa = XCBuildConfiguration;
			buildSettings = {
				ALWAYS_EMBED_SWIFT_STANDARD_LIBRARIES = YES;
				BUNDLE_LOADER = "$(TEST_HOST)";
				CODE_SIGN_STYLE = Automatic;
				INFOPLIST_FILE = Proyecto_KittySeasonsTests/Info.plist;
				LD_RUNPATH_SEARCH_PATHS = (
					"$(inherited)",
					"@executable_path/Frameworks",
					"@loader_path/Frameworks",
				);
				PRODUCT_BUNDLE_IDENTIFIER = "edu.ulsa.Proyecto-KittySeasonsTests";
				PRODUCT_NAME = "$(TARGET_NAME)";
				SWIFT_VERSION = 5.0;
				TARGETED_DEVICE_FAMILY = "1,2";
				TEST_HOST = "$(BUILT_PRODUCTS_DIR)/Proyecto_KittySeasons.app/Proyecto_KittySeasons";
			};
			name = Release;
		};
		3DD2C66128CA31D10041A403 /* Debug */ = {
			isa = XCBuildConfiguration;
			buildSettings = {
				ALWAYS_EMBED_SWIFT_STANDARD_LIBRARIES = YES;
				CODE_SIGN_STYLE = Automatic;
				INFOPLIST_FILE = Proyecto_KittySeasonsUITests/Info.plist;
				LD_RUNPATH_SEARCH_PATHS = (
					"$(inherited)",
					"@executable_path/Frameworks",
					"@loader_path/Frameworks",
				);
				PRODUCT_BUNDLE_IDENTIFIER = "edu.ulsa.Proyecto-KittySeasonsUITests";
				PRODUCT_NAME = "$(TARGET_NAME)";
				SWIFT_VERSION = 5.0;
				TARGETED_DEVICE_FAMILY = "1,2";
				TEST_TARGET_NAME = Proyecto_KittySeasons;
			};
			name = Debug;
		};
		3DD2C66228CA31D10041A403 /* Release */ = {
			isa = XCBuildConfiguration;
			buildSettings = {
				ALWAYS_EMBED_SWIFT_STANDARD_LIBRARIES = YES;
				CODE_SIGN_STYLE = Automatic;
				INFOPLIST_FILE = Proyecto_KittySeasonsUITests/Info.plist;
				LD_RUNPATH_SEARCH_PATHS = (
					"$(inherited)",
					"@executable_path/Frameworks",
					"@loader_path/Frameworks",
				);
				PRODUCT_BUNDLE_IDENTIFIER = "edu.ulsa.Proyecto-KittySeasonsUITests";
				PRODUCT_NAME = "$(TARGET_NAME)";
				SWIFT_VERSION = 5.0;
				TARGETED_DEVICE_FAMILY = "1,2";
				TEST_TARGET_NAME = Proyecto_KittySeasons;
			};
			name = Release;
		};
/* End XCBuildConfiguration section */

/* Begin XCConfigurationList section */
		3DD2C62D28CA31CE0041A403 /* Build configuration list for PBXProject "Proyecto_KittySeasons" */ = {
			isa = XCConfigurationList;
			buildConfigurations = (
				3DD2C65828CA31D10041A403 /* Debug */,
				3DD2C65928CA31D10041A403 /* Release */,
			);
			defaultConfigurationIsVisible = 0;
			defaultConfigurationName = Release;
		};
		3DD2C65A28CA31D10041A403 /* Build configuration list for PBXNativeTarget "Proyecto_KittySeasons" */ = {
			isa = XCConfigurationList;
			buildConfigurations = (
				3DD2C65B28CA31D10041A403 /* Debug */,
				3DD2C65C28CA31D10041A403 /* Release */,
			);
			defaultConfigurationIsVisible = 0;
			defaultConfigurationName = Release;
		};
		3DD2C65D28CA31D10041A403 /* Build configuration list for PBXNativeTarget "Proyecto_KittySeasonsTests" */ = {
			isa = XCConfigurationList;
			buildConfigurations = (
				3DD2C65E28CA31D10041A403 /* Debug */,
				3DD2C65F28CA31D10041A403 /* Release */,
			);
			defaultConfigurationIsVisible = 0;
			defaultConfigurationName = Release;
		};
		3DD2C66028CA31D10041A403 /* Build configuration list for PBXNativeTarget "Proyecto_KittySeasonsUITests" */ = {
			isa = XCConfigurationList;
			buildConfigurations = (
				3DD2C66128CA31D10041A403 /* Debug */,
				3DD2C66228CA31D10041A403 /* Release */,
			);
			defaultConfigurationIsVisible = 0;
			defaultConfigurationName = Release;
		};
/* End XCConfigurationList section */
	};
	rootObject = 3DD2C62A28CA31CE0041A403 /* Project object */;
}
